
Microsoft Visual Studio Solution File, Format Version 12.00
# Visual Studio Version 17
VisualStudioVersion = 17.2.32616.157
MinimumVisualStudioVersion = 10.0.40219.1
Project("{FAE04EC0-301F-11D3-BF4B-00C04F79EFBC}") = "RefactoringGuruDecoratorPattern", "RefactoringGuruDecoratorPattern\RefactoringGuruDecoratorPattern.csproj", "{117190E7-CD83-4004-81C5-877C8F9B1AF5}"
EndProject
Global
	GlobalSection(SolutionConfigurationPlatforms) = preSolution
		Debug|Any CPU = Debug|Any CPU
		Release|Any CPU = Release|Any CPU
	EndGlobalSection
	GlobalSection(ProjectConfigurationPlatforms) = postSolution
		{117190E7-CD83-4004-81C5-877C8F9B1AF5}.Debug|Any CPU.ActiveCfg = Debug|Any CPU
		{117190E7-CD83-4004-81C5-877C8F9B1AF5}.Debug|Any CPU.Build.0 = Debug|Any CPU
		{117190E7-CD83-4004-81C5-877C8F9B1AF5}.Release|Any CPU.ActiveCfg = Release|Any CPU
		{117190E7-CD83-4004-81C5-877C8F9B1AF5}.Release|Any CPU.Build.0 = Release|Any CPU
	EndGlobalSection
	GlobalSection(SolutionProperties) = preSolution
		HideSolutionNode = FALSE
	EndGlobalSection
	GlobalSection(ExtensibilityGlobals) = postSolution
		SolutionGuid = {0CFCB9CC-65DF-4EA3-AEE2-9BCA16BC73E2}
	EndGlobalSection
EndGlobal
